
Microsoft Visual Studio Solution File, Format Version 12.00
# Visual Studio Version 17
VisualStudioVersion = 17.6.33815.320
MinimumVisualStudioVersion = 10.0.40219.1
Project("{8BC9CEB8-8B4A-11D0-8D11-00A0C91BC942}") = "SimilarityChecker0706", "SimilarityChecker0706\SimilarityChecker0706.vcxproj", "{D7897FDA-6B8E-4251-B231-689E9171C4B5}"
EndProject
Project("{8BC9CEB8-8B4A-11D0-8D11-00A0C91BC942}") = "SimilarityCheckerTest", "SimilarityCheckerTest\SimilarityCheckerTest.vcxproj", "{8C2A5531-1772-4269-907C-EB0C82AB1334}"
EndProject
Project("{2150E333-8FDC-42A3-9474-1A3956D46DE8}") = "솔루션 항목", "솔루션 항목", "{163A3DD5-3B94-408E-97F8-FFC9E96EBBB1}"
	ProjectSection(SolutionItems) = preProject
		.gitignore = .gitignore
	EndProjectSection
EndProject
Global
	GlobalSection(SolutionConfigurationPlatforms) = preSolution
		Debug|x64 = Debug|x64
		Debug|x86 = Debug|x86
		Release|x64 = Release|x64
		Release|x86 = Release|x86
	EndGlobalSection
	GlobalSection(ProjectConfigurationPlatforms) = postSolution
		{D7897FDA-6B8E-4251-B231-689E9171C4B5}.Debug|x64.ActiveCfg = Debug|x64
		{D7897FDA-6B8E-4251-B231-689E9171C4B5}.Debug|x64.Build.0 = Debug|x64
		{D7897FDA-6B8E-4251-B231-689E9171C4B5}.Debug|x86.ActiveCfg = Debug|Win32
		{D7897FDA-6B8E-4251-B231-689E9171C4B5}.Debug|x86.Build.0 = Debug|Win32
		{D7897FDA-6B8E-4251-B231-689E9171C4B5}.Release|x64.ActiveCfg = Release|x64
		{D7897FDA-6B8E-4251-B231-689E9171C4B5}.Release|x64.Build.0 = Release|x64
		{D7897FDA-6B8E-4251-B231-689E9171C4B5}.Release|x86.ActiveCfg = Release|Win32
		{D7897FDA-6B8E-4251-B231-689E9171C4B5}.Release|x86.Build.0 = Release|Win32
		{8C2A5531-1772-4269-907C-EB0C82AB1334}.Debug|x64.ActiveCfg = Debug|x64
		{8C2A5531-1772-4269-907C-EB0C82AB1334}.Debug|x64.Build.0 = Debug|x64
		{8C2A5531-1772-4269-907C-EB0C82AB1334}.Debug|x86.ActiveCfg = Debug|Win32
		{8C2A5531-1772-4269-907C-EB0C82AB1334}.Debug|x86.Build.0 = Debug|Win32
		{8C2A5531-1772-4269-907C-EB0C82AB1334}.Release|x64.ActiveCfg = Release|x64
		{8C2A5531-1772-4269-907C-EB0C82AB1334}.Release|x64.Build.0 = Release|x64
		{8C2A5531-1772-4269-907C-EB0C82AB1334}.Release|x86.ActiveCfg = Release|Win32
		{8C2A5531-1772-4269-907C-EB0C82AB1334}.Release|x86.Build.0 = Release|Win32
	EndGlobalSection
	GlobalSection(SolutionProperties) = preSolution
		HideSolutionNode = FALSE
	EndGlobalSection
	GlobalSection(ExtensibilityGlobals) = postSolution
		SolutionGuid = {D770EA98-E4E0-48F2-905C-89A09CDFB138}
	EndGlobalSection
EndGlobal
